
Microsoft Visual Studio Solution File, Format Version 12.00
# Visual Studio Version 17
VisualStudioVersion = 17.3.32929.385
MinimumVisualStudioVersion = 10.0.40219.1
Project("{FAE04EC0-301F-11D3-BF4B-00C04F79EFBC}") = "SlidingTile_LevelEditor", "SlidingTile_LevelEditor.csproj", "{B4E61B3B-F83E-47F0-805D-AD7E9D625C21}"
EndProject
Global
	GlobalSection(SolutionConfigurationPlatforms) = preSolution
		Debug|Any CPU = Debug|Any CPU
		Release|Any CPU = Release|Any CPU
	EndGlobalSection
	GlobalSection(ProjectConfigurationPlatforms) = postSolution
		{B4E61B3B-F83E-47F0-805D-AD7E9D625C21}.Debug|Any CPU.ActiveCfg = Debug|Any CPU
		{B4E61B3B-F83E-47F0-805D-AD7E9D625C21}.Debug|Any CPU.Build.0 = Debug|Any CPU
		{B4E61B3B-F83E-47F0-805D-AD7E9D625C21}.Release|Any CPU.ActiveCfg = Release|Any CPU
		{B4E61B3B-F83E-47F0-805D-AD7E9D625C21}.Release|Any CPU.Build.0 = Release|Any CPU
	EndGlobalSection
	GlobalSection(SolutionProperties) = preSolution
		HideSolutionNode = FALSE
	EndGlobalSection
	GlobalSection(ExtensibilityGlobals) = postSolution
		SolutionGuid = {0A3A4703-154C-467D-A42A-DC10971E0E46}
	EndGlobalSection
EndGlobal
